// !$*UTF8*$!
{
	archiveVersion = 1;
	classes = {
	};
	objectVersion = 56;
	objects = {

/* Begin PBXBuildFile section */
		2C6A57382BE9F4F8009771BD /* AuroraApp.swift in Sources */ = {isa = PBXBuildFile; fileRef = 2C6A57372BE9F4F8009771BD /* AuroraApp.swift */; };
		2C6A573A2BE9F4F8009771BD /* ContentView.swift in Sources */ = {isa = PBXBuildFile; fileRef = 2C6A57392BE9F4F8009771BD /* ContentView.swift */; };
		2C6A573C2BE9F4FA009771BD /* Assets.xcassets in Resources */ = {isa = PBXBuildFile; fileRef = 2C6A573B2BE9F4FA009771BD /* Assets.xcassets */; };
		2C6A573F2BE9F4FA009771BD /* Preview Assets.xcassets in Resources */ = {isa = PBXBuildFile; fileRef = 2C6A573E2BE9F4FA009771BD /* Preview Assets.xcassets */; };
		2C6A574C2BE9FB10009771BD /* Launch Screen.storyboard in Resources */ = {isa = PBXBuildFile; fileRef = 2C6A574B2BE9FB10009771BD /* Launch Screen.storyboard */; };
		2C6A574F2BEA00DA009771BD /* Lottie in Frameworks */ = {isa = PBXBuildFile; productRef = 2C6A574E2BEA00DA009771BD /* Lottie */; };
		2C6A57522BEA0185009771BD /* loading.json in Resources */ = {isa = PBXBuildFile; fileRef = 2C6A57512BEA0185009771BD /* loading.json */; };
		2C6A57542BEA037E009771BD /* HomeView.swift in Sources */ = {isa = PBXBuildFile; fileRef = 2C6A57532BEA037E009771BD /* HomeView.swift */; };
		2C6A57562BEA0684009771BD /* SplashView.swift in Sources */ = {isa = PBXBuildFile; fileRef = 2C6A57552BEA0684009771BD /* SplashView.swift */; };
		2C6A575A2BEA19CD009771BD /* TabBarView.swift in Sources */ = {isa = PBXBuildFile; fileRef = 2C6A57592BEA19CD009771BD /* TabBarView.swift */; };
		2C6A575D2BEA1A26009771BD /* ToyListView.swift in Sources */ = {isa = PBXBuildFile; fileRef = 2C6A575C2BEA1A26009771BD /* ToyListView.swift */; };
		2C6A575F2BEA1A3A009771BD /* CartView.swift in Sources */ = {isa = PBXBuildFile; fileRef = 2C6A575E2BEA1A3A009771BD /* CartView.swift */; };
		2C6A57612BEA1A56009771BD /* ProfileView.swift in Sources */ = {isa = PBXBuildFile; fileRef = 2C6A57602BEA1A56009771BD /* ProfileView.swift */; };
		2C6A57632BEA1CB9009771BD /* CustomTabBar.swift in Sources */ = {isa = PBXBuildFile; fileRef = 2C6A57622BEA1CB9009771BD /* CustomTabBar.swift */; };
/* End PBXBuildFile section */

/* Begin PBXFileReference section */
		2C6A57342BE9F4F8009771BD /* Aurora.app */ = {isa = PBXFileReference; explicitFileType = wrapper.application; includeInIndex = 0; path = Aurora.app; sourceTree = BUILT_PRODUCTS_DIR; };
		2C6A57372BE9F4F8009771BD /* AuroraApp.swift */ = {isa = PBXFileReference; lastKnownFileType = sourcecode.swift; path = AuroraApp.swift; sourceTree = "<group>"; };
		2C6A57392BE9F4F8009771BD /* ContentView.swift */ = {isa = PBXFileReference; lastKnownFileType = sourcecode.swift; path = ContentView.swift; sourceTree = "<group>"; };
		2C6A573B2BE9F4FA009771BD /* Assets.xcassets */ = {isa = PBXFileReference; lastKnownFileType = folder.assetcatalog; path = Assets.xcassets; sourceTree = "<group>"; };
		2C6A573E2BE9F4FA009771BD /* Preview Assets.xcassets */ = {isa = PBXFileReference; lastKnownFileType = folder.assetcatalog; path = "Preview Assets.xcassets"; sourceTree = "<group>"; };
		2C6A574B2BE9FB10009771BD /* Launch Screen.storyboard */ = {isa = PBXFileReference; lastKnownFileType = file.storyboard; path = "Launch Screen.storyboard"; sourceTree = "<group>"; };
		2C6A57512BEA0185009771BD /* loading.json */ = {isa = PBXFileReference; fileEncoding = 4; lastKnownFileType = text.json; path = loading.json; sourceTree = "<group>"; };
		2C6A57532BEA037E009771BD /* HomeView.swift */ = {isa = PBXFileReference; lastKnownFileType = sourcecode.swift; path = HomeView.swift; sourceTree = "<group>"; };
		2C6A57552BEA0684009771BD /* SplashView.swift */ = {isa = PBXFileReference; lastKnownFileType = sourcecode.swift; path = SplashView.swift; sourceTree = "<group>"; };
		2C6A57592BEA19CD009771BD /* TabBarView.swift */ = {isa = PBXFileReference; lastKnownFileType = sourcecode.swift; path = TabBarView.swift; sourceTree = "<group>"; };
		2C6A575C2BEA1A26009771BD /* ToyListView.swift */ = {isa = PBXFileReference; lastKnownFileType = sourcecode.swift; path = ToyListView.swift; sourceTree = "<group>"; };
		2C6A575E2BEA1A3A009771BD /* CartView.swift */ = {isa = PBXFileReference; lastKnownFileType = sourcecode.swift; path = CartView.swift; sourceTree = "<group>"; };
		2C6A57602BEA1A56009771BD /* ProfileView.swift */ = {isa = PBXFileReference; lastKnownFileType = sourcecode.swift; path = ProfileView.swift; sourceTree = "<group>"; };
		2C6A57622BEA1CB9009771BD /* CustomTabBar.swift */ = {isa = PBXFileReference; lastKnownFileType = sourcecode.swift; path = CustomTabBar.swift; sourceTree = "<group>"; };
/* End PBXFileReference section */

/* Begin PBXFrameworksBuildPhase section */
		2C6A57312BE9F4F8009771BD /* Frameworks */ = {
			isa = PBXFrameworksBuildPhase;
			buildActionMask = 2147483647;
			files = (
				2C6A574F2BEA00DA009771BD /* Lottie in Frameworks */,
			);
			runOnlyForDeploymentPostprocessing = 0;
		};
/* End PBXFrameworksBuildPhase section */

/* Begin PBXGroup section */
		2C6A572B2BE9F4F8009771BD = {
			isa = PBXGroup;
			children = (
				2C6A57362BE9F4F8009771BD /* Aurora */,
				2C6A57352BE9F4F8009771BD /* Products */,
			);
			sourceTree = "<group>";
		};
		2C6A57352BE9F4F8009771BD /* Products */ = {
			isa = PBXGroup;
			children = (
				2C6A57342BE9F4F8009771BD /* Aurora.app */,
			);
			name = Products;
			sourceTree = "<group>";
		};
		2C6A57362BE9F4F8009771BD /* Aurora */ = {
			isa = PBXGroup;
			children = (
				2C6A575B2BEA1A05009771BD /* Tab */,
				2C6A57532BEA037E009771BD /* HomeView.swift */,
				2C6A57502BEA016F009771BD /* Animation */,
				2C6A574B2BE9FB10009771BD /* Launch Screen.storyboard */,
				2C6A57372BE9F4F8009771BD /* AuroraApp.swift */,
				2C6A57392BE9F4F8009771BD /* ContentView.swift */,
				2C6A573B2BE9F4FA009771BD /* Assets.xcassets */,
				2C6A573D2BE9F4FA009771BD /* Preview Content */,
				2C6A57552BEA0684009771BD /* SplashView.swift */,
				2C6A57592BEA19CD009771BD /* TabBarView.swift */,
				2C6A57622BEA1CB9009771BD /* CustomTabBar.swift */,
			);
			path = Aurora;
			sourceTree = "<group>";
		};
		2C6A573D2BE9F4FA009771BD /* Preview Content */ = {
			isa = PBXGroup;
			children = (
				2C6A573E2BE9F4FA009771BD /* Preview Assets.xcassets */,
			);
			path = "Preview Content";
			sourceTree = "<group>";
		};
		2C6A57502BEA016F009771BD /* Animation */ = {
			isa = PBXGroup;
			children = (
				2C6A57512BEA0185009771BD /* loading.json */,
			);
			path = Animation;
			sourceTree = "<group>";
		};
		2C6A575B2BEA1A05009771BD /* Tab */ = {
			isa = PBXGroup;
			children = (
				2C6A575C2BEA1A26009771BD /* ToyListView.swift */,
				2C6A575E2BEA1A3A009771BD /* CartView.swift */,
				2C6A57602BEA1A56009771BD /* ProfileView.swift */,
			);
			path = Tab;
			sourceTree = "<group>";
		};
/* End PBXGroup section */

/* Begin PBXNativeTarget section */
		2C6A57332BE9F4F8009771BD /* Aurora */ = {
			isa = PBXNativeTarget;
			buildConfigurationList = 2C6A57422BE9F4FA009771BD /* Build configuration list for PBXNativeTarget "Aurora" */;
			buildPhases = (
				2C6A57302BE9F4F8009771BD /* Sources */,
				2C6A57312BE9F4F8009771BD /* Frameworks */,
				2C6A57322BE9F4F8009771BD /* Resources */,
			);
			buildRules = (
			);
			dependencies = (
			);
			name = Aurora;
			packageProductDependencies = (
				2C6A574E2BEA00DA009771BD /* Lottie */,
			);
			productName = Aurora;
			productReference = 2C6A57342BE9F4F8009771BD /* Aurora.app */;
			productType = "com.apple.product-type.application";
		};
/* End PBXNativeTarget section */

/* Begin PBXProject section */
		2C6A572C2BE9F4F8009771BD /* Project object */ = {
			isa = PBXProject;
			attributes = {
				BuildIndependentTargetsInParallel = 1;
				LastSwiftUpdateCheck = 1530;
				LastUpgradeCheck = 1530;
				TargetAttributes = {
					2C6A57332BE9F4F8009771BD = {
						CreatedOnToolsVersion = 15.3;
					};
				};
			};
			buildConfigurationList = 2C6A572F2BE9F4F8009771BD /* Build configuration list for PBXProject "Aurora" */;
			compatibilityVersion = "Xcode 14.0";
			developmentRegion = en;
			hasScannedForEncodings = 0;
			knownRegions = (
				en,
				Base,
			);
			mainGroup = 2C6A572B2BE9F4F8009771BD;
			packageReferences = (
				2C6A574D2BEA00DA009771BD /* XCRemoteSwiftPackageReference "lottie-spm" */,
			);
			productRefGroup = 2C6A57352BE9F4F8009771BD /* Products */;
			projectDirPath = "";
			projectRoot = "";
			targets = (
				2C6A57332BE9F4F8009771BD /* Aurora */,
			);
		};
/* End PBXProject section */

/* Begin PBXResourcesBuildPhase section */
		2C6A57322BE9F4F8009771BD /* Resources */ = {
			isa = PBXResourcesBuildPhase;
			buildActionMask = 2147483647;
			files = (
				2C6A574C2BE9FB10009771BD /* Launch Screen.storyboard in Resources */,
				2C6A573F2BE9F4FA009771BD /* Preview Assets.xcassets in Resources */,
				2C6A57522BEA0185009771BD /* loading.json in Resources */,
				2C6A573C2BE9F4FA009771BD /* Assets.xcassets in Resources */,
			);
			runOnlyForDeploymentPostprocessing = 0;
		};
/* End PBXResourcesBuildPhase section */

/* Begin PBXSourcesBuildPhase section */
		2C6A57302BE9F4F8009771BD /* Sources */ = {
			isa = PBXSourcesBuildPhase;
			buildActionMask = 2147483647;
			files = (
				2C6A57612BEA1A56009771BD /* ProfileView.swift in Sources */,
				2C6A57542BEA037E009771BD /* HomeView.swift in Sources */,
				2C6A575F2BEA1A3A009771BD /* CartView.swift in Sources */,
				2C6A57562BEA0684009771BD /* SplashView.swift in Sources */,
				2C6A57632BEA1CB9009771BD /* CustomTabBar.swift in Sources */,
				2C6A573A2BE9F4F8009771BD /* ContentView.swift in Sources */,
				2C6A575D2BEA1A26009771BD /* ToyListView.swift in Sources */,
				2C6A575A2BEA19CD009771BD /* TabBarView.swift in Sources */,
				2C6A57382BE9F4F8009771BD /* AuroraApp.swift in Sources */,
			);
			runOnlyForDeploymentPostprocessing = 0;
		};
/* End PBXSourcesBuildPhase section */

/* Begin XCBuildConfiguration section */
		2C6A57402BE9F4FA009771BD /* Debug */ = {
			isa = XCBuildConfiguration;
			buildSettings = {
				ALWAYS_SEARCH_USER_PATHS = NO;
				ASSETCATALOG_COMPILER_GENERATE_SWIFT_ASSET_SYMBOL_EXTENSIONS = YES;
				CLANG_ANALYZER_NONNULL = YES;
				CLANG_ANALYZER_NUMBER_OBJECT_CONVERSION = YES_AGGRESSIVE;
				CLANG_CXX_LANGUAGE_STANDARD = "gnu++20";
				CLANG_ENABLE_MODULES = YES;
				CLANG_ENABLE_OBJC_ARC = YES;
				CLANG_ENABLE_OBJC_WEAK = YES;
				CLANG_WARN_BLOCK_CAPTURE_AUTORELEASING = YES;
				CLANG_WARN_BOOL_CONVERSION = YES;
				CLANG_WARN_COMMA = YES;
				CLANG_WARN_CONSTANT_CONVERSION = YES;
				CLANG_WARN_DEPRECATED_OBJC_IMPLEMENTATIONS = YES;
				CLANG_WARN_DIRECT_OBJC_ISA_USAGE = YES_ERROR;
				CLANG_WARN_DOCUMENTATION_COMMENTS = YES;
				CLANG_WARN_EMPTY_BODY = YES;
				CLANG_WARN_ENUM_CONVERSION = YES;
				CLANG_WARN_INFINITE_RECURSION = YES;
				CLANG_WARN_INT_CONVERSION = YES;
				CLANG_WARN_NON_LITERAL_NULL_CONVERSION = YES;
				CLANG_WARN_OBJC_IMPLICIT_RETAIN_SELF = YES;
				CLANG_WARN_OBJC_LITERAL_CONVERSION = YES;
				CLANG_WARN_OBJC_ROOT_CLASS = YES_ERROR;
				CLANG_WARN_QUOTED_INCLUDE_IN_FRAMEWORK_HEADER = YES;
				CLANG_WARN_RANGE_LOOP_ANALYSIS = YES;
				CLANG_WARN_STRICT_PROTOTYPES = YES;
				CLANG_WARN_SUSPICIOUS_MOVE = YES;
				CLANG_WARN_UNGUARDED_AVAILABILITY = YES_AGGRESSIVE;
				CLANG_WARN_UNREACHABLE_CODE = YES;
				CLANG_WARN__DUPLICATE_METHOD_MATCH = YES;
				COPY_PHASE_STRIP = NO;
				DEBUG_INFORMATION_FORMAT = dwarf;
				ENABLE_STRICT_OBJC_MSGSEND = YES;
				ENABLE_TESTABILITY = YES;
				ENABLE_USER_SCRIPT_SANDBOXING = YES;
				GCC_C_LANGUAGE_STANDARD = gnu17;
				GCC_DYNAMIC_NO_PIC = NO;
				GCC_NO_COMMON_BLOCKS = YES;
				GCC_OPTIMIZATION_LEVEL = 0;
				GCC_PREPROCESSOR_DEFINITIONS = (
					"DEBUG=1",
					"$(inherited)",
				);
				GCC_WARN_64_TO_32_BIT_CONVERSION = YES;
				GCC_WARN_ABOUT_RETURN_TYPE = YES_ERROR;
				GCC_WARN_UNDECLARED_SELECTOR = YES;
				GCC_WARN_UNINITIALIZED_AUTOS = YES_AGGRESSIVE;
				GCC_WARN_UNUSED_FUNCTION = YES;
				GCC_WARN_UNUSED_VARIABLE = YES;
				IPHONEOS_DEPLOYMENT_TARGET = 17.4;
				LOCALIZATION_PREFERS_STRING_CATALOGS = YES;
				MTL_ENABLE_DEBUG_INFO = INCLUDE_SOURCE;
				MTL_FAST_MATH = YES;
				ONLY_ACTIVE_ARCH = YES;
				SDKROOT = iphoneos;
				SWIFT_ACTIVE_COMPILATION_CONDITIONS = "DEBUG $(inherited)";
				SWIFT_OPTIMIZATION_LEVEL = "-Onone";
			};
			name = Debug;
		};
		2C6A57412BE9F4FA009771BD /* Release */ = {
			isa = XCBuildConfiguration;
			buildSettings = {
				ALWAYS_SEARCH_USER_PATHS = NO;
				ASSETCATALOG_COMPILER_GENERATE_SWIFT_ASSET_SYMBOL_EXTENSIONS = YES;
				CLANG_ANALYZER_NONNULL = YES;
				CLANG_ANALYZER_NUMBER_OBJECT_CONVERSION = YES_AGGRESSIVE;
				CLANG_CXX_LANGUAGE_STANDARD = "gnu++20";
				CLANG_ENABLE_MODULES = YES;
				CLANG_ENABLE_OBJC_ARC = YES;
				CLANG_ENABLE_OBJC_WEAK = YES;
				CLANG_WARN_BLOCK_CAPTURE_AUTORELEASING = YES;
				CLANG_WARN_BOOL_CONVERSION = YES;
				CLANG_WARN_COMMA = YES;
				CLANG_WARN_CONSTANT_CONVERSION = YES;
				CLANG_WARN_DEPRECATED_OBJC_IMPLEMENTATIONS = YES;
				CLANG_WARN_DIRECT_OBJC_ISA_USAGE = YES_ERROR;
				CLANG_WARN_DOCUMENTATION_COMMENTS = YES;
				CLANG_WARN_EMPTY_BODY = YES;
				CLANG_WARN_ENUM_CONVERSION = YES;
				CLANG_WARN_INFINITE_RECURSION = YES;
				CLANG_WARN_INT_CONVERSION = YES;
				CLANG_WARN_NON_LITERAL_NULL_CONVERSION = YES;
				CLANG_WARN_OBJC_IMPLICIT_RETAIN_SELF = YES;
				CLANG_WARN_OBJC_LITERAL_CONVERSION = YES;
				CLANG_WARN_OBJC_ROOT_CLASS = YES_ERROR;
				CLANG_WARN_QUOTED_INCLUDE_IN_FRAMEWORK_HEADER = YES;
				CLANG_WARN_RANGE_LOOP_ANALYSIS = YES;
				CLANG_WARN_STRICT_PROTOTYPES = YES;
				CLANG_WARN_SUSPICIOUS_MOVE = YES;
				CLANG_WARN_UNGUARDED_AVAILABILITY = YES_AGGRESSIVE;
				CLANG_WARN_UNREACHABLE_CODE = YES;
				CLANG_WARN__DUPLICATE_METHOD_MATCH = YES;
				COPY_PHASE_STRIP = NO;
				DEBUG_INFORMATION_FORMAT = "dwarf-with-dsym";
				ENABLE_NS_ASSERTIONS = NO;
				ENABLE_STRICT_OBJC_MSGSEND = YES;
				ENABLE_USER_SCRIPT_SANDBOXING = YES;
				GCC_C_LANGUAGE_STANDARD = gnu17;
				GCC_NO_COMMON_BLOCKS = YES;
				GCC_WARN_64_TO_32_BIT_CONVERSION = YES;
				GCC_WARN_ABOUT_RETURN_TYPE = YES_ERROR;
				GCC_WARN_UNDECLARED_SELECTOR = YES;
				GCC_WARN_UNINITIALIZED_AUTOS = YES_AGGRESSIVE;
				GCC_WARN_UNUSED_FUNCTION = YES;
				GCC_WARN_UNUSED_VARIABLE = YES;
				IPHONEOS_DEPLOYMENT_TARGET = 17.4;
				LOCALIZATION_PREFERS_STRING_CATALOGS = YES;
				MTL_ENABLE_DEBUG_INFO = NO;
				MTL_FAST_MATH = YES;
				SDKROOT = iphoneos;
				SWIFT_COMPILATION_MODE = wholemodule;
				VALIDATE_PRODUCT = YES;
			};
			name = Release;
		};
		2C6A57432BE9F4FA009771BD /* Debug */ = {
			isa = XCBuildConfiguration;
			buildSettings = {
				ASSETCATALOG_COMPILER_APPICON_NAME = AppIcon;
				ASSETCATALOG_COMPILER_GLOBAL_ACCENT_COLOR_NAME = AccentColor;
				CODE_SIGN_STYLE = Automatic;
				CURRENT_PROJECT_VERSION = 1;
				DEVELOPMENT_ASSET_PATHS = "\"Aurora/Preview Content\"";
				DEVELOPMENT_TEAM = U5KX54M7F5;
				ENABLE_PREVIEWS = YES;
				GENERATE_INFOPLIST_FILE = YES;
				INFOPLIST_KEY_UIApplicationSceneManifest_Generation = YES;
				INFOPLIST_KEY_UIApplicationSupportsIndirectInputEvents = YES;
				INFOPLIST_KEY_UILaunchScreen_Generation = YES;
				INFOPLIST_KEY_UILaunchStoryboardName = "Launch Screen.storyboard";
				INFOPLIST_KEY_UISupportedInterfaceOrientations = UIInterfaceOrientationPortrait;
				INFOPLIST_KEY_UIUserInterfaceStyle = Light;
				LD_RUNPATH_SEARCH_PATHS = (
					"$(inherited)",
					"@executable_path/Frameworks",
				);
				MARKETING_VERSION = 1.0;
				PRODUCT_BUNDLE_IDENTIFIER = com.letter.Aurora;
				PRODUCT_NAME = "$(TARGET_NAME)";
				SWIFT_EMIT_LOC_STRINGS = YES;
				SWIFT_VERSION = 5.0;
				TARGETED_DEVICE_FAMILY = "1,2";
			};
			name = Debug;
		};
		2C6A57442BE9F4FA009771BD /* Release */ = {
			isa = XCBuildConfiguration;
			buildSettings = {
				ASSETCATALOG_COMPILER_APPICON_NAME = AppIcon;
				ASSETCATALOG_COMPILER_GLOBAL_ACCENT_COLOR_NAME = AccentColor;
				CODE_SIGN_STYLE = Automatic;
				CURRENT_PROJECT_VERSION = 1;
				DEVELOPMENT_ASSET_PATHS = "\"Aurora/Preview Content\"";
				DEVELOPMENT_TEAM = U5KX54M7F5;
				ENABLE_PREVIEWS = YES;
				GENERATE_INFOPLIST_FILE = YES;
				INFOPLIST_KEY_UIApplicationSceneManifest_Generation = YES;
				INFOPLIST_KEY_UIApplicationSupportsIndirectInputEvents = YES;
				INFOPLIST_KEY_UILaunchScreen_Generation = YES;
				INFOPLIST_KEY_UILaunchStoryboardName = "Launch Screen.storyboard";
				INFOPLIST_KEY_UISupportedInterfaceOrientations = UIInterfaceOrientationPortrait;
				INFOPLIST_KEY_UIUserInterfaceStyle = Light;
				LD_RUNPATH_SEARCH_PATHS = (
					"$(inherited)",
					"@executable_path/Frameworks",
				);
				MARKETING_VERSION = 1.0;
				PRODUCT_BUNDLE_IDENTIFIER = com.letter.Aurora;
				PRODUCT_NAME = "$(TARGET_NAME)";
				SWIFT_EMIT_LOC_STRINGS = YES;
				SWIFT_VERSION = 5.0;
				TARGETED_DEVICE_FAMILY = "1,2";
			};
			name = Release;
		};
/* End XCBuildConfiguration section */

/* Begin XCConfigurationList section */
		2C6A572F2BE9F4F8009771BD /* Build configuration list for PBXProject "Aurora" */ = {
			isa = XCConfigurationList;
			buildConfigurations = (
				2C6A57402BE9F4FA009771BD /* Debug */,
				2C6A57412BE9F4FA009771BD /* Release */,
			);
			defaultConfigurationIsVisible = 0;
			defaultConfigurationName = Release;
		};
		2C6A57422BE9F4FA009771BD /* Build configuration list for PBXNativeTarget "Aurora" */ = {
			isa = XCConfigurationList;
			buildConfigurations = (
				2C6A57432BE9F4FA009771BD /* Debug */,
				2C6A57442BE9F4FA009771BD /* Release */,
			);
			defaultConfigurationIsVisible = 0;
			defaultConfigurationName = Release;
		};
/* End XCConfigurationList section */

/* Begin XCRemoteSwiftPackageReference section */
		2C6A574D2BEA00DA009771BD /* XCRemoteSwiftPackageReference "lottie-spm" */ = {
			isa = XCRemoteSwiftPackageReference;
			repositoryURL = "https://github.com/airbnb/lottie-spm.git";
			requirement = {
				kind = upToNextMajorVersion;
				minimumVersion = 4.4.3;
			};
		};
/* End XCRemoteSwiftPackageReference section */

/* Begin XCSwiftPackageProductDependency section */
		2C6A574E2BEA00DA009771BD /* Lottie */ = {
			isa = XCSwiftPackageProductDependency;
			package = 2C6A574D2BEA00DA009771BD /* XCRemoteSwiftPackageReference "lottie-spm" */;
			productName = Lottie;
		};
/* End XCSwiftPackageProductDependency section */
	};
	rootObject = 2C6A572C2BE9F4F8009771BD /* Project object */;
}
